// !$*UTF8*$!
{
	archiveVersion = 1;
	classes = {
	};
	objectVersion = 50;
	objects = {

/* Begin PBXBuildFile section */
		F04B9015241FAE8500B2BAAA /* AppDelegate.swift in Sources */ = {isa = PBXBuildFile; fileRef = F04B9014241FAE8500B2BAAA /* AppDelegate.swift */; };
		F04B9017241FAE8500B2BAAA /* SceneDelegate.swift in Sources */ = {isa = PBXBuildFile; fileRef = F04B9016241FAE8500B2BAAA /* SceneDelegate.swift */; };
		F04B901A241FAE8500B2BAAA /* Costanza.xcdatamodeld in Sources */ = {isa = PBXBuildFile; fileRef = F04B9018241FAE8500B2BAAA /* Costanza.xcdatamodeld */; };
		F04B901C241FAE8500B2BAAA /* ContentView.swift in Sources */ = {isa = PBXBuildFile; fileRef = F04B901B241FAE8500B2BAAA /* ContentView.swift */; };
		F04B901E241FAE8700B2BAAA /* Assets.xcassets in Resources */ = {isa = PBXBuildFile; fileRef = F04B901D241FAE8700B2BAAA /* Assets.xcassets */; };
		F04B9021241FAE8700B2BAAA /* Preview Assets.xcassets in Resources */ = {isa = PBXBuildFile; fileRef = F04B9020241FAE8700B2BAAA /* Preview Assets.xcassets */; };
		F04B9024241FAE8700B2BAAA /* LaunchScreen.storyboard in Resources */ = {isa = PBXBuildFile; fileRef = F04B9022241FAE8700B2BAAA /* LaunchScreen.storyboard */; };
		F04B902F241FAE8700B2BAAA /* CostanzaTests.swift in Sources */ = {isa = PBXBuildFile; fileRef = F04B902E241FAE8700B2BAAA /* CostanzaTests.swift */; };
		F04B9041241FB4E400B2BAAA /* DataStorage.swift in Sources */ = {isa = PBXBuildFile; fileRef = F04B9040241FB4E400B2BAAA /* DataStorage.swift */; };
		F04B9043241FB5B800B2BAAA /* StorageTest.swift in Sources */ = {isa = PBXBuildFile; fileRef = F04B9042241FB5B800B2BAAA /* StorageTest.swift */; };
		F04B9046241FB79F00B2BAAA /* Temple+Extensions.swift in Sources */ = {isa = PBXBuildFile; fileRef = F04B9045241FB79F00B2BAAA /* Temple+Extensions.swift */; };
		F04B904A241FC74100B2BAAA /* NetworkManager.swift in Sources */ = {isa = PBXBuildFile; fileRef = F04B9049241FC74100B2BAAA /* NetworkManager.swift */; };
		F04B904C241FCA5200B2BAAA /* Images+Extensions.swift in Sources */ = {isa = PBXBuildFile; fileRef = F04B904B241FCA5200B2BAAA /* Images+Extensions.swift */; };
		F04B904E241FD05400B2BAAA /* DataModel.swift in Sources */ = {isa = PBXBuildFile; fileRef = F04B904D241FD05400B2BAAA /* DataModel.swift */; };
		F052FA892422197D00D6D058 /* ConstazaStorable.swift in Sources */ = {isa = PBXBuildFile; fileRef = F052FA882422197D00D6D058 /* ConstazaStorable.swift */; };
		F053820324221EAF0046D564 /* ContentViewModel.swift in Sources */ = {isa = PBXBuildFile; fileRef = F053820224221EAF0046D564 /* ContentViewModel.swift */; };
		F070FBA62424F0C900E6C666 /* TempleView.swift in Sources */ = {isa = PBXBuildFile; fileRef = F070FBA52424F0C900E6C666 /* TempleView.swift */; };
		F070FBA82424F30800E6C666 /* TempleViewModel.swift in Sources */ = {isa = PBXBuildFile; fileRef = F070FBA72424F30800E6C666 /* TempleViewModel.swift */; };
		F070FBAA2424F51400E6C666 /* ViewModel.swift in Sources */ = {isa = PBXBuildFile; fileRef = F070FBA92424F51400E6C666 /* ViewModel.swift */; };
		F070FBAE2424F9A900E6C666 /* CreateView.swift in Sources */ = {isa = PBXBuildFile; fileRef = F070FBAD2424F9A900E6C666 /* CreateView.swift */; };
/* End PBXBuildFile section */

/* Begin PBXContainerItemProxy section */
		F04B902B241FAE8700B2BAAA /* PBXContainerItemProxy */ = {
			isa = PBXContainerItemProxy;
			containerPortal = F04B9009241FAE8500B2BAAA /* Project object */;
			proxyType = 1;
			remoteGlobalIDString = F04B9010241FAE8500B2BAAA;
			remoteInfo = Costanza;
		};
/* End PBXContainerItemProxy section */

/* Begin PBXFileReference section */
		F04B9011241FAE8500B2BAAA /* Costanza.app */ = {isa = PBXFileReference; explicitFileType = wrapper.application; includeInIndex = 0; path = Costanza.app; sourceTree = BUILT_PRODUCTS_DIR; };
		F04B9014241FAE8500B2BAAA /* AppDelegate.swift */ = {isa = PBXFileReference; lastKnownFileType = sourcecode.swift; path = AppDelegate.swift; sourceTree = "<group>"; };
		F04B9016241FAE8500B2BAAA /* SceneDelegate.swift */ = {isa = PBXFileReference; lastKnownFileType = sourcecode.swift; path = SceneDelegate.swift; sourceTree = "<group>"; };
		F04B9019241FAE8500B2BAAA /* Costanza.xcdatamodel */ = {isa = PBXFileReference; lastKnownFileType = wrapper.xcdatamodel; path = Costanza.xcdatamodel; sourceTree = "<group>"; };
		F04B901B241FAE8500B2BAAA /* ContentView.swift */ = {isa = PBXFileReference; lastKnownFileType = sourcecode.swift; path = ContentView.swift; sourceTree = "<group>"; };
		F04B901D241FAE8700B2BAAA /* Assets.xcassets */ = {isa = PBXFileReference; lastKnownFileType = folder.assetcatalog; path = Assets.xcassets; sourceTree = "<group>"; };
		F04B9020241FAE8700B2BAAA /* Preview Assets.xcassets */ = {isa = PBXFileReference; lastKnownFileType = folder.assetcatalog; path = "Preview Assets.xcassets"; sourceTree = "<group>"; };
		F04B9023241FAE8700B2BAAA /* Base */ = {isa = PBXFileReference; lastKnownFileType = file.storyboard; name = Base; path = Base.lproj/LaunchScreen.storyboard; sourceTree = "<group>"; };
		F04B9025241FAE8700B2BAAA /* Info.plist */ = {isa = PBXFileReference; lastKnownFileType = text.plist.xml; path = Info.plist; sourceTree = "<group>"; };
		F04B902A241FAE8700B2BAAA /* CostanzaTests.xctest */ = {isa = PBXFileReference; explicitFileType = wrapper.cfbundle; includeInIndex = 0; path = CostanzaTests.xctest; sourceTree = BUILT_PRODUCTS_DIR; };
		F04B902E241FAE8700B2BAAA /* CostanzaTests.swift */ = {isa = PBXFileReference; lastKnownFileType = sourcecode.swift; path = CostanzaTests.swift; sourceTree = "<group>"; };
		F04B9030241FAE8700B2BAAA /* Info.plist */ = {isa = PBXFileReference; lastKnownFileType = text.plist.xml; path = Info.plist; sourceTree = "<group>"; };
		F04B9040241FB4E400B2BAAA /* DataStorage.swift */ = {isa = PBXFileReference; lastKnownFileType = sourcecode.swift; path = DataStorage.swift; sourceTree = "<group>"; };
		F04B9042241FB5B800B2BAAA /* StorageTest.swift */ = {isa = PBXFileReference; lastKnownFileType = sourcecode.swift; path = StorageTest.swift; sourceTree = "<group>"; };
		F04B9045241FB79F00B2BAAA /* Temple+Extensions.swift */ = {isa = PBXFileReference; lastKnownFileType = sourcecode.swift; path = "Temple+Extensions.swift"; sourceTree = "<group>"; };
		F04B9049241FC74100B2BAAA /* NetworkManager.swift */ = {isa = PBXFileReference; lastKnownFileType = sourcecode.swift; path = NetworkManager.swift; sourceTree = "<group>"; };
		F04B904B241FCA5200B2BAAA /* Images+Extensions.swift */ = {isa = PBXFileReference; lastKnownFileType = sourcecode.swift; path = "Images+Extensions.swift"; sourceTree = "<group>"; };
		F04B904D241FD05400B2BAAA /* DataModel.swift */ = {isa = PBXFileReference; lastKnownFileType = sourcecode.swift; path = DataModel.swift; sourceTree = "<group>"; };
		F052FA882422197D00D6D058 /* ConstazaStorable.swift */ = {isa = PBXFileReference; lastKnownFileType = sourcecode.swift; path = ConstazaStorable.swift; sourceTree = "<group>"; };
		F052FA8C24221B9E00D6D058 /* README.md */ = {isa = PBXFileReference; lastKnownFileType = net.daringfireball.markdown; path = README.md; sourceTree = "<group>"; };
		F053820224221EAF0046D564 /* ContentViewModel.swift */ = {isa = PBXFileReference; lastKnownFileType = sourcecode.swift; path = ContentViewModel.swift; sourceTree = "<group>"; };
		F070FBA52424F0C900E6C666 /* TempleView.swift */ = {isa = PBXFileReference; lastKnownFileType = sourcecode.swift; path = TempleView.swift; sourceTree = "<group>"; };
		F070FBA72424F30800E6C666 /* TempleViewModel.swift */ = {isa = PBXFileReference; lastKnownFileType = sourcecode.swift; path = TempleViewModel.swift; sourceTree = "<group>"; };
		F070FBA92424F51400E6C666 /* ViewModel.swift */ = {isa = PBXFileReference; lastKnownFileType = sourcecode.swift; path = ViewModel.swift; sourceTree = "<group>"; };
		F070FBAD2424F9A900E6C666 /* CreateView.swift */ = {isa = PBXFileReference; lastKnownFileType = sourcecode.swift; path = CreateView.swift; sourceTree = "<group>"; };
/* End PBXFileReference section */

/* Begin PBXFrameworksBuildPhase section */
		F04B900E241FAE8500B2BAAA /* Frameworks */ = {
			isa = PBXFrameworksBuildPhase;
			buildActionMask = 2147483647;
			files = (
			);
			runOnlyForDeploymentPostprocessing = 0;
		};
		F04B9027241FAE8700B2BAAA /* Frameworks */ = {
			isa = PBXFrameworksBuildPhase;
			buildActionMask = 2147483647;
			files = (
			);
			runOnlyForDeploymentPostprocessing = 0;
		};
/* End PBXFrameworksBuildPhase section */

/* Begin PBXGroup section */
		F04B9008241FAE8500B2BAAA = {
			isa = PBXGroup;
			children = (
				F052FA8C24221B9E00D6D058 /* README.md */,
				F04B9013241FAE8500B2BAAA /* Costanza */,
				F04B902D241FAE8700B2BAAA /* CostanzaTests */,
				F04B9012241FAE8500B2BAAA /* Products */,
			);
			sourceTree = "<group>";
		};
		F04B9012241FAE8500B2BAAA /* Products */ = {
			isa = PBXGroup;
			children = (
				F04B9011241FAE8500B2BAAA /* Costanza.app */,
				F04B902A241FAE8700B2BAAA /* CostanzaTests.xctest */,
			);
			name = Products;
			sourceTree = "<group>";
		};
		F04B9013241FAE8500B2BAAA /* Costanza */ = {
			isa = PBXGroup;
			children = (
				F04B903A241FAF0F00B2BAAA /* Core */,
				F0BF76C124221DD900372467 /* Views */,
				F04B9014241FAE8500B2BAAA /* AppDelegate.swift */,
				F04B9016241FAE8500B2BAAA /* SceneDelegate.swift */,
				F04B901D241FAE8700B2BAAA /* Assets.xcassets */,
				F04B9022241FAE8700B2BAAA /* LaunchScreen.storyboard */,
				F04B9025241FAE8700B2BAAA /* Info.plist */,
				F04B9018241FAE8500B2BAAA /* Costanza.xcdatamodeld */,
				F04B901F241FAE8700B2BAAA /* Preview Content */,
			);
			path = Costanza;
			sourceTree = "<group>";
		};
		F04B901F241FAE8700B2BAAA /* Preview Content */ = {
			isa = PBXGroup;
			children = (
				F04B9020241FAE8700B2BAAA /* Preview Assets.xcassets */,
			);
			path = "Preview Content";
			sourceTree = "<group>";
		};
		F04B902D241FAE8700B2BAAA /* CostanzaTests */ = {
			isa = PBXGroup;
			children = (
				F04B902E241FAE8700B2BAAA /* CostanzaTests.swift */,
				F04B9042241FB5B800B2BAAA /* StorageTest.swift */,
				F04B9030241FAE8700B2BAAA /* Info.plist */,
			);
			path = CostanzaTests;
			sourceTree = "<group>";
		};
		F04B903A241FAF0F00B2BAAA /* Core */ = {
			isa = PBXGroup;
			children = (
				F04B903C241FAF1B00B2BAAA /* Managers */,
				F04B903D241FAF2000B2BAAA /* Models */,
				F04B903B241FAF1300B2BAAA /* Centers */,
			);
			path = Core;
			sourceTree = "<group>";
		};
		F04B903B241FAF1300B2BAAA /* Centers */ = {
			isa = PBXGroup;
			children = (
			);
			path = Centers;
			sourceTree = "<group>";
		};
		F04B903C241FAF1B00B2BAAA /* Managers */ = {
			isa = PBXGroup;
			children = (
				F04B9049241FC74100B2BAAA /* NetworkManager.swift */,
				F04B903F241FAF3200B2BAAA /* Storage */,
			);
			path = Managers;
			sourceTree = "<group>";
		};
		F04B903D241FAF2000B2BAAA /* Models */ = {
			isa = PBXGroup;
			children = (
				F070FBA92424F51400E6C666 /* ViewModel.swift */,
				F04B904D241FD05400B2BAAA /* DataModel.swift */,
				F052FA8A242219C600D6D058 /* Models+Extensions */,
			);
			path = Models;
			sourceTree = "<group>";
		};
		F04B903E241FAF2B00B2BAAA /* Storage+Extensions */ = {
			isa = PBXGroup;
			children = (
				F052FA882422197D00D6D058 /* ConstazaStorable.swift */,
			);
			path = "Storage+Extensions";
			sourceTree = "<group>";
		};
		F04B903F241FAF3200B2BAAA /* Storage */ = {
			isa = PBXGroup;
			children = (
				F04B9040241FB4E400B2BAAA /* DataStorage.swift */,
				F04B903E241FAF2B00B2BAAA /* Storage+Extensions */,
			);
			path = Storage;
			sourceTree = "<group>";
		};
		F052FA8A242219C600D6D058 /* Models+Extensions */ = {
			isa = PBXGroup;
			children = (
				F04B9045241FB79F00B2BAAA /* Temple+Extensions.swift */,
				F04B904B241FCA5200B2BAAA /* Images+Extensions.swift */,
			);
			path = "Models+Extensions";
			sourceTree = "<group>";
		};
		F053820124221E990046D564 /* Content */ = {
			isa = PBXGroup;
			children = (
				F04B901B241FAE8500B2BAAA /* ContentView.swift */,
				F053820224221EAF0046D564 /* ContentViewModel.swift */,
			);
			path = Content;
			sourceTree = "<group>";
		};
		F070FBAB2424F81100E6C666 /* Initial */ = {
			isa = PBXGroup;
			children = (
				F070FBAD2424F9A900E6C666 /* CreateView.swift */,
				F070FBA52424F0C900E6C666 /* TempleView.swift */,
				F070FBA72424F30800E6C666 /* TempleViewModel.swift */,
			);
			path = Initial;
			sourceTree = "<group>";
		};
		F0BF76C124221DD900372467 /* Views */ = {
			isa = PBXGroup;
			children = (
				F053820124221E990046D564 /* Content */,
				F070FBAB2424F81100E6C666 /* Initial */,
			);
			path = Views;
			sourceTree = "<group>";
		};
/* End PBXGroup section */

/* Begin PBXNativeTarget section */
		F04B9010241FAE8500B2BAAA /* Costanza */ = {
			isa = PBXNativeTarget;
			buildConfigurationList = F04B9033241FAE8700B2BAAA /* Build configuration list for PBXNativeTarget "Costanza" */;
			buildPhases = (
				F04B900D241FAE8500B2BAAA /* Sources */,
				F04B900E241FAE8500B2BAAA /* Frameworks */,
				F04B900F241FAE8500B2BAAA /* Resources */,
			);
			buildRules = (
			);
			dependencies = (
			);
			name = Costanza;
			productName = Costanza;
			productReference = F04B9011241FAE8500B2BAAA /* Costanza.app */;
			productType = "com.apple.product-type.application";
		};
		F04B9029241FAE8700B2BAAA /* CostanzaTests */ = {
			isa = PBXNativeTarget;
			buildConfigurationList = F04B9036241FAE8700B2BAAA /* Build configuration list for PBXNativeTarget "CostanzaTests" */;
			buildPhases = (
				F04B9026241FAE8700B2BAAA /* Sources */,
				F04B9027241FAE8700B2BAAA /* Frameworks */,
				F04B9028241FAE8700B2BAAA /* Resources */,
			);
			buildRules = (
			);
			dependencies = (
				F04B902C241FAE8700B2BAAA /* PBXTargetDependency */,
			);
			name = CostanzaTests;
			productName = CostanzaTests;
			productReference = F04B902A241FAE8700B2BAAA /* CostanzaTests.xctest */;
			productType = "com.apple.product-type.bundle.unit-test";
		};
/* End PBXNativeTarget section */

/* Begin PBXProject section */
		F04B9009241FAE8500B2BAAA /* Project object */ = {
			isa = PBXProject;
			attributes = {
				LastSwiftUpdateCheck = 1130;
				LastUpgradeCheck = 1130;
				ORGANIZATIONNAME = mainvolume;
				TargetAttributes = {
					F04B9010241FAE8500B2BAAA = {
						CreatedOnToolsVersion = 11.3.1;
					};
					F04B9029241FAE8700B2BAAA = {
						CreatedOnToolsVersion = 11.3.1;
						TestTargetID = F04B9010241FAE8500B2BAAA;
					};
				};
			};
			buildConfigurationList = F04B900C241FAE8500B2BAAA /* Build configuration list for PBXProject "Costanza" */;
			compatibilityVersion = "Xcode 9.3";
			developmentRegion = en;
			hasScannedForEncodings = 0;
			knownRegions = (
				en,
				Base,
			);
			mainGroup = F04B9008241FAE8500B2BAAA;
			productRefGroup = F04B9012241FAE8500B2BAAA /* Products */;
			projectDirPath = "";
			projectRoot = "";
			targets = (
				F04B9010241FAE8500B2BAAA /* Costanza */,
				F04B9029241FAE8700B2BAAA /* CostanzaTests */,
			);
		};
/* End PBXProject section */

/* Begin PBXResourcesBuildPhase section */
		F04B900F241FAE8500B2BAAA /* Resources */ = {
			isa = PBXResourcesBuildPhase;
			buildActionMask = 2147483647;
			files = (
				F04B9024241FAE8700B2BAAA /* LaunchScreen.storyboard in Resources */,
				F04B9021241FAE8700B2BAAA /* Preview Assets.xcassets in Resources */,
				F04B901E241FAE8700B2BAAA /* Assets.xcassets in Resources */,
			);
			runOnlyForDeploymentPostprocessing = 0;
		};
		F04B9028241FAE8700B2BAAA /* Resources */ = {
			isa = PBXResourcesBuildPhase;
			buildActionMask = 2147483647;
			files = (
			);
			runOnlyForDeploymentPostprocessing = 0;
		};
/* End PBXResourcesBuildPhase section */

/* Begin PBXSourcesBuildPhase section */
		F04B900D241FAE8500B2BAAA /* Sources */ = {
			isa = PBXSourcesBuildPhase;
			buildActionMask = 2147483647;
			files = (
				F04B9015241FAE8500B2BAAA /* AppDelegate.swift in Sources */,
				F04B9017241FAE8500B2BAAA /* SceneDelegate.swift in Sources */,
				F04B9046241FB79F00B2BAAA /* Temple+Extensions.swift in Sources */,
				F04B9041241FB4E400B2BAAA /* DataStorage.swift in Sources */,
				F070FBAE2424F9A900E6C666 /* CreateView.swift in Sources */,
				F04B904A241FC74100B2BAAA /* NetworkManager.swift in Sources */,
				F04B904C241FCA5200B2BAAA /* Images+Extensions.swift in Sources */,
				F070FBAA2424F51400E6C666 /* ViewModel.swift in Sources */,
				F052FA892422197D00D6D058 /* ConstazaStorable.swift in Sources */,
				F04B901C241FAE8500B2BAAA /* ContentView.swift in Sources */,
				F04B901A241FAE8500B2BAAA /* Costanza.xcdatamodeld in Sources */,
				F070FBA62424F0C900E6C666 /* TempleView.swift in Sources */,
				F053820324221EAF0046D564 /* ContentViewModel.swift in Sources */,
				F070FBA82424F30800E6C666 /* TempleViewModel.swift in Sources */,
				F04B904E241FD05400B2BAAA /* DataModel.swift in Sources */,
			);
			runOnlyForDeploymentPostprocessing = 0;
		};
		F04B9026241FAE8700B2BAAA /* Sources */ = {
			isa = PBXSourcesBuildPhase;
			buildActionMask = 2147483647;
			files = (
				F04B902F241FAE8700B2BAAA /* CostanzaTests.swift in Sources */,
				F04B9043241FB5B800B2BAAA /* StorageTest.swift in Sources */,
			);
			runOnlyForDeploymentPostprocessing = 0;
		};
/* End PBXSourcesBuildPhase section */

/* Begin PBXTargetDependency section */
		F04B902C241FAE8700B2BAAA /* PBXTargetDependency */ = {
			isa = PBXTargetDependency;
			target = F04B9010241FAE8500B2BAAA /* Costanza */;
			targetProxy = F04B902B241FAE8700B2BAAA /* PBXContainerItemProxy */;
		};
/* End PBXTargetDependency section */

/* Begin PBXVariantGroup section */
		F04B9022241FAE8700B2BAAA /* LaunchScreen.storyboard */ = {
			isa = PBXVariantGroup;
			children = (
				F04B9023241FAE8700B2BAAA /* Base */,
			);
			name = LaunchScreen.storyboard;
			sourceTree = "<group>";
		};
/* End PBXVariantGroup section */

/* Begin XCBuildConfiguration section */
		F04B9031241FAE8700B2BAAA /* Debug */ = {
			isa = XCBuildConfiguration;
			buildSettings = {
				ALWAYS_SEARCH_USER_PATHS = NO;
				CLANG_ANALYZER_NONNULL = YES;
				CLANG_ANALYZER_NUMBER_OBJECT_CONVERSION = YES_AGGRESSIVE;
				CLANG_CXX_LANGUAGE_STANDARD = "gnu++14";
				CLANG_CXX_LIBRARY = "libc++";
				CLANG_ENABLE_MODULES = YES;
				CLANG_ENABLE_OBJC_ARC = YES;
				CLANG_ENABLE_OBJC_WEAK = YES;
				CLANG_WARN_BLOCK_CAPTURE_AUTORELEASING = YES;
				CLANG_WARN_BOOL_CONVERSION = YES;
				CLANG_WARN_COMMA = YES;
				CLANG_WARN_CONSTANT_CONVERSION = YES;
				CLANG_WARN_DEPRECATED_OBJC_IMPLEMENTATIONS = YES;
				CLANG_WARN_DIRECT_OBJC_ISA_USAGE = YES_ERROR;
				CLANG_WARN_DOCUMENTATION_COMMENTS = YES;
				CLANG_WARN_EMPTY_BODY = YES;
				CLANG_WARN_ENUM_CONVERSION = YES;
				CLANG_WARN_INFINITE_RECURSION = YES;
				CLANG_WARN_INT_CONVERSION = YES;
				CLANG_WARN_NON_LITERAL_NULL_CONVERSION = YES;
				CLANG_WARN_OBJC_IMPLICIT_RETAIN_SELF = YES;
				CLANG_WARN_OBJC_LITERAL_CONVERSION = YES;
				CLANG_WARN_OBJC_ROOT_CLASS = YES_ERROR;
				CLANG_WARN_RANGE_LOOP_ANALYSIS = YES;
				CLANG_WARN_STRICT_PROTOTYPES = YES;
				CLANG_WARN_SUSPICIOUS_MOVE = YES;
				CLANG_WARN_UNGUARDED_AVAILABILITY = YES_AGGRESSIVE;
				CLANG_WARN_UNREACHABLE_CODE = YES;
				CLANG_WARN__DUPLICATE_METHOD_MATCH = YES;
				COPY_PHASE_STRIP = NO;
				DEBUG_INFORMATION_FORMAT = dwarf;
				ENABLE_STRICT_OBJC_MSGSEND = YES;
				ENABLE_TESTABILITY = YES;
				GCC_C_LANGUAGE_STANDARD = gnu11;
				GCC_DYNAMIC_NO_PIC = NO;
				GCC_NO_COMMON_BLOCKS = YES;
				GCC_OPTIMIZATION_LEVEL = 0;
				GCC_PREPROCESSOR_DEFINITIONS = (
					"DEBUG=1",
					"$(inherited)",
				);
				GCC_WARN_64_TO_32_BIT_CONVERSION = YES;
				GCC_WARN_ABOUT_RETURN_TYPE = YES_ERROR;
				GCC_WARN_UNDECLARED_SELECTOR = YES;
				GCC_WARN_UNINITIALIZED_AUTOS = YES_AGGRESSIVE;
				GCC_WARN_UNUSED_FUNCTION = YES;
				GCC_WARN_UNUSED_VARIABLE = YES;
				IPHONEOS_DEPLOYMENT_TARGET = 13.2;
				MTL_ENABLE_DEBUG_INFO = INCLUDE_SOURCE;
				MTL_FAST_MATH = YES;
				ONLY_ACTIVE_ARCH = YES;
				SDKROOT = iphoneos;
				SWIFT_ACTIVE_COMPILATION_CONDITIONS = DEBUG;
				SWIFT_OPTIMIZATION_LEVEL = "-Onone";
			};
			name = Debug;
		};
		F04B9032241FAE8700B2BAAA /* Release */ = {
			isa = XCBuildConfiguration;
			buildSettings = {
				ALWAYS_SEARCH_USER_PATHS = NO;
				CLANG_ANALYZER_NONNULL = YES;
				CLANG_ANALYZER_NUMBER_OBJECT_CONVERSION = YES_AGGRESSIVE;
				CLANG_CXX_LANGUAGE_STANDARD = "gnu++14";
				CLANG_CXX_LIBRARY = "libc++";
				CLANG_ENABLE_MODULES = YES;
				CLANG_ENABLE_OBJC_ARC = YES;
				CLANG_ENABLE_OBJC_WEAK = YES;
				CLANG_WARN_BLOCK_CAPTURE_AUTORELEASING = YES;
				CLANG_WARN_BOOL_CONVERSION = YES;
				CLANG_WARN_COMMA = YES;
				CLANG_WARN_CONSTANT_CONVERSION = YES;
				CLANG_WARN_DEPRECATED_OBJC_IMPLEMENTATIONS = YES;
				CLANG_WARN_DIRECT_OBJC_ISA_USAGE = YES_ERROR;
				CLANG_WARN_DOCUMENTATION_COMMENTS = YES;
				CLANG_WARN_EMPTY_BODY = YES;
				CLANG_WARN_ENUM_CONVERSION = YES;
				CLANG_WARN_INFINITE_RECURSION = YES;
				CLANG_WARN_INT_CONVERSION = YES;
				CLANG_WARN_NON_LITERAL_NULL_CONVERSION = YES;
				CLANG_WARN_OBJC_IMPLICIT_RETAIN_SELF = YES;
				CLANG_WARN_OBJC_LITERAL_CONVERSION = YES;
				CLANG_WARN_OBJC_ROOT_CLASS = YES_ERROR;
				CLANG_WARN_RANGE_LOOP_ANALYSIS = YES;
				CLANG_WARN_STRICT_PROTOTYPES = YES;
				CLANG_WARN_SUSPICIOUS_MOVE = YES;
				CLANG_WARN_UNGUARDED_AVAILABILITY = YES_AGGRESSIVE;
				CLANG_WARN_UNREACHABLE_CODE = YES;
				CLANG_WARN__DUPLICATE_METHOD_MATCH = YES;
				COPY_PHASE_STRIP = NO;
				DEBUG_INFORMATION_FORMAT = "dwarf-with-dsym";
				ENABLE_NS_ASSERTIONS = NO;
				ENABLE_STRICT_OBJC_MSGSEND = YES;
				GCC_C_LANGUAGE_STANDARD = gnu11;
				GCC_NO_COMMON_BLOCKS = YES;
				GCC_WARN_64_TO_32_BIT_CONVERSION = YES;
				GCC_WARN_ABOUT_RETURN_TYPE = YES_ERROR;
				GCC_WARN_UNDECLARED_SELECTOR = YES;
				GCC_WARN_UNINITIALIZED_AUTOS = YES_AGGRESSIVE;
				GCC_WARN_UNUSED_FUNCTION = YES;
				GCC_WARN_UNUSED_VARIABLE = YES;
				IPHONEOS_DEPLOYMENT_TARGET = 13.2;
				MTL_ENABLE_DEBUG_INFO = NO;
				MTL_FAST_MATH = YES;
				SDKROOT = iphoneos;
				SWIFT_COMPILATION_MODE = wholemodule;
				SWIFT_OPTIMIZATION_LEVEL = "-O";
				VALIDATE_PRODUCT = YES;
			};
			name = Release;
		};
		F04B9034241FAE8700B2BAAA /* Debug */ = {
			isa = XCBuildConfiguration;
			buildSettings = {
				ASSETCATALOG_COMPILER_APPICON_NAME = AppIcon;
				CODE_SIGN_STYLE = Automatic;
				DEVELOPMENT_ASSET_PATHS = "\"Costanza/Preview Content\"";
				DEVELOPMENT_TEAM = 45WJ84RX6F;
				ENABLE_PREVIEWS = YES;
				INFOPLIST_FILE = Costanza/Info.plist;
				LD_RUNPATH_SEARCH_PATHS = (
					"$(inherited)",
					"@executable_path/Frameworks",
				);
				PRODUCT_BUNDLE_IDENTIFIER = com.mainvolume.costanza;
				PRODUCT_NAME = "$(TARGET_NAME)";
				SWIFT_VERSION = 5.0;
				TARGETED_DEVICE_FAMILY = 1;
			};
			name = Debug;
		};
		F04B9035241FAE8700B2BAAA /* Release */ = {
			isa = XCBuildConfiguration;
			buildSettings = {
				ASSETCATALOG_COMPILER_APPICON_NAME = AppIcon;
				CODE_SIGN_STYLE = Automatic;
				DEVELOPMENT_ASSET_PATHS = "\"Costanza/Preview Content\"";
				DEVELOPMENT_TEAM = 45WJ84RX6F;
				ENABLE_PREVIEWS = YES;
				INFOPLIST_FILE = Costanza/Info.plist;
				LD_RUNPATH_SEARCH_PATHS = (
					"$(inherited)",
					"@executable_path/Frameworks",
				);
				PRODUCT_BUNDLE_IDENTIFIER = com.mainvolume.costanza;
				PRODUCT_NAME = "$(TARGET_NAME)";
				SWIFT_VERSION = 5.0;
				TARGETED_DEVICE_FAMILY = 1;
			};
			name = Release;
		};
		F04B9037241FAE8700B2BAAA /* Debug */ = {
			isa = XCBuildConfiguration;
			buildSettings = {
				ALWAYS_EMBED_SWIFT_STANDARD_LIBRARIES = YES;
				BUNDLE_LOADER = "$(TEST_HOST)";
				CODE_SIGN_STYLE = Automatic;
				DEVELOPMENT_TEAM = Z46HY8GH2Z;
				INFOPLIST_FILE = CostanzaTests/Info.plist;
				IPHONEOS_DEPLOYMENT_TARGET = 13.2;
				LD_RUNPATH_SEARCH_PATHS = (
					"$(inherited)",
					"@executable_path/Frameworks",
					"@loader_path/Frameworks",
				);
				PRODUCT_BUNDLE_IDENTIFIER = com.mainvolume.CostanzaTests;
				PRODUCT_NAME = "$(TARGET_NAME)";
				SWIFT_VERSION = 5.0;
				TARGETED_DEVICE_FAMILY = "1,2";
				TEST_HOST = "$(BUILT_PRODUCTS_DIR)/Costanza.app/Costanza";
			};
			name = Debug;
		};
		F04B9038241FAE8700B2BAAA /* Release */ = {
			isa = XCBuildConfiguration;
			buildSettings = {
				ALWAYS_EMBED_SWIFT_STANDARD_LIBRARIES = YES;
				BUNDLE_LOADER = "$(TEST_HOST)";
				CODE_SIGN_STYLE = Automatic;
				DEVELOPMENT_TEAM = Z46HY8GH2Z;
				INFOPLIST_FILE = CostanzaTests/Info.plist;
				IPHONEOS_DEPLOYMENT_TARGET = 13.2;
				LD_RUNPATH_SEARCH_PATHS = (
					"$(inherited)",
					"@executable_path/Frameworks",
					"@loader_path/Frameworks",
				);
				PRODUCT_BUNDLE_IDENTIFIER = com.mainvolume.CostanzaTests;
				PRODUCT_NAME = "$(TARGET_NAME)";
				SWIFT_VERSION = 5.0;
				TARGETED_DEVICE_FAMILY = "1,2";
				TEST_HOST = "$(BUILT_PRODUCTS_DIR)/Costanza.app/Costanza";
			};
			name = Release;
		};
/* End XCBuildConfiguration section */

/* Begin XCConfigurationList section */
		F04B900C241FAE8500B2BAAA /* Build configuration list for PBXProject "Costanza" */ = {
			isa = XCConfigurationList;
			buildConfigurations = (
				F04B9031241FAE8700B2BAAA /* Debug */,
				F04B9032241FAE8700B2BAAA /* Release */,
			);
			defaultConfigurationIsVisible = 0;
			defaultConfigurationName = Release;
		};
		F04B9033241FAE8700B2BAAA /* Build configuration list for PBXNativeTarget "Costanza" */ = {
			isa = XCConfigurationList;
			buildConfigurations = (
				F04B9034241FAE8700B2BAAA /* Debug */,
				F04B9035241FAE8700B2BAAA /* Release */,
			);
			defaultConfigurationIsVisible = 0;
			defaultConfigurationName = Release;
		};
		F04B9036241FAE8700B2BAAA /* Build configuration list for PBXNativeTarget "CostanzaTests" */ = {
			isa = XCConfigurationList;
			buildConfigurations = (
				F04B9037241FAE8700B2BAAA /* Debug */,
				F04B9038241FAE8700B2BAAA /* Release */,
			);
			defaultConfigurationIsVisible = 0;
			defaultConfigurationName = Release;
		};
/* End XCConfigurationList section */

/* Begin XCVersionGroup section */
		F04B9018241FAE8500B2BAAA /* Costanza.xcdatamodeld */ = {
			isa = XCVersionGroup;
			children = (
				F04B9019241FAE8500B2BAAA /* Costanza.xcdatamodel */,
			);
			currentVersion = F04B9019241FAE8500B2BAAA /* Costanza.xcdatamodel */;
			path = Costanza.xcdatamodeld;
			sourceTree = "<group>";
			versionGroupType = wrapper.xcdatamodel;
		};
/* End XCVersionGroup section */
	};
	rootObject = F04B9009241FAE8500B2BAAA /* Project object */;
}
